
Microsoft Visual Studio Solution File, Format Version 12.00
# Visual Studio Version 17
VisualStudioVersion = 17.0.31903.59
MinimumVisualStudioVersion = 10.0.40219.1
Project("{FAE04EC0-301F-11D3-BF4B-00C04F79EFBC}") = "GitHubDashboard", "GitHubDashboard\GitHubDashboard.csproj", "{CCA210E6-E8A7-4D2F-A98F-6811901181DA}"
EndProject
Global
	GlobalSection(SolutionConfigurationPlatforms) = preSolution
		Debug|Any CPU = Debug|Any CPU
		Release|Any CPU = Release|Any CPU
	EndGlobalSection
	GlobalSection(SolutionProperties) = preSolution
		HideSolutionNode = FALSE
	EndGlobalSection
	GlobalSection(ProjectConfigurationPlatforms) = postSolution
		{CCA210E6-E8A7-4D2F-A98F-6811901181DA}.Debug|Any CPU.ActiveCfg = Debug|Any CPU
		{CCA210E6-E8A7-4D2F-A98F-6811901181DA}.Debug|Any CPU.Build.0 = Debug|Any CPU
		{CCA210E6-E8A7-4D2F-A98F-6811901181DA}.Release|Any CPU.ActiveCfg = Release|Any CPU
		{CCA210E6-E8A7-4D2F-A98F-6811901181DA}.Release|Any CPU.Build.0 = Release|Any CPU
	EndGlobalSection
EndGlobal
